<Solution>
  <Folder Name="/Solution Items/">
    <File Path=".editorconfig" />
  </Folder>
  <Folder Name="/Tests/">
    <Project Path="Tests/Pure.RelationalSchema.Conditions.Tests/Pure.RelationalSchema.Conditions.Tests.csproj" />
  </Folder>
  <Project Path="Pure.RelationalSchema.Conditions/Pure.RelationalSchema.Conditions.csproj" />
</Solution>
